// !$*UTF8*$!
{
	archiveVersion = 1;
	classes = {
	};
	objectVersion = 46;
	objects = {

/* Begin PBXBuildFile section */
		0B3AA39F1E1EBCCB00577DEA /* Bolts.framework in Frameworks */ = {isa = PBXBuildFile; fileRef = 0B3AA39D1E1EBCCB00577DEA /* Bolts.framework */; };
		0B3AA3A01E1EBCCB00577DEA /* Parse.framework in Frameworks */ = {isa = PBXBuildFile; fileRef = 0B3AA39E1E1EBCCB00577DEA /* Parse.framework */; };
		0B3AA3AA1E1EBD5B00577DEA /* AudioToolbox.framework in Frameworks */ = {isa = PBXBuildFile; fileRef = 0B3AA3A21E1EBD5B00577DEA /* AudioToolbox.framework */; };
		0B3AA3AB1E1EBD5B00577DEA /* CFNetwork.framework in Frameworks */ = {isa = PBXBuildFile; fileRef = 0B3AA3A31E1EBD5B00577DEA /* CFNetwork.framework */; };
		0B3AA3AC1E1EBD5B00577DEA /* CoreGraphics.framework in Frameworks */ = {isa = PBXBuildFile; fileRef = 0B3AA3A41E1EBD5B00577DEA /* CoreGraphics.framework */; };
		0B3AA3AD1E1EBD5B00577DEA /* CoreLocation.framework in Frameworks */ = {isa = PBXBuildFile; fileRef = 0B3AA3A51E1EBD5B00577DEA /* CoreLocation.framework */; };
		0B3AA3AE1E1EBD5B00577DEA /* QuartzCore.framework in Frameworks */ = {isa = PBXBuildFile; fileRef = 0B3AA3A61E1EBD5B00577DEA /* QuartzCore.framework */; };
		0B3AA3AF1E1EBD5B00577DEA /* Security.framework in Frameworks */ = {isa = PBXBuildFile; fileRef = 0B3AA3A71E1EBD5B00577DEA /* Security.framework */; };
		0B3AA3B01E1EBD5B00577DEA /* StoreKit.framework in Frameworks */ = {isa = PBXBuildFile; fileRef = 0B3AA3A81E1EBD5B00577DEA /* StoreKit.framework */; };
		0B3AA3B11E1EBD5B00577DEA /* SystemConfiguration.framework in Frameworks */ = {isa = PBXBuildFile; fileRef = 0B3AA3A91E1EBD5B00577DEA /* SystemConfiguration.framework */; };
		0B3AA3B31E1EBD6700577DEA /* libz.tbd in Frameworks */ = {isa = PBXBuildFile; fileRef = 0B3AA3B21E1EBD6700577DEA /* libz.tbd */; };
		0B3AA3B51E1EBD7400577DEA /* libsqlite3.tbd in Frameworks */ = {isa = PBXBuildFile; fileRef = 0B3AA3B41E1EBD7400577DEA /* libsqlite3.tbd */; };
		0B3AA3B71E1EC5C500577DEA /* NVActivityIndicatorView.framework in Frameworks */ = {isa = PBXBuildFile; fileRef = 0B3AA3B61E1EC5C500577DEA /* NVActivityIndicatorView.framework */; };
		0B3AA3B81E1EC83A00577DEA /* NVActivityIndicatorView.framework in Frameworks */ = {isa = PBXBuildFile; fileRef = 0B3AA3B61E1EC5C500577DEA /* NVActivityIndicatorView.framework */; };
		0B3AA3B91E1EC83A00577DEA /* NVActivityIndicatorView.framework in Embed Frameworks */ = {isa = PBXBuildFile; fileRef = 0B3AA3B61E1EC5C500577DEA /* NVActivityIndicatorView.framework */; settings = {ATTRIBUTES = (CodeSignOnCopy, RemoveHeadersOnCopy, ); }; };
		0B3AA3BC1E1ED2D400577DEA /* SwiftMessages.framework in Frameworks */ = {isa = PBXBuildFile; fileRef = 0B3AA3BB1E1ED2D400577DEA /* SwiftMessages.framework */; };
		0B3AA3BD1E1ED2DE00577DEA /* SwiftMessages.framework in Frameworks */ = {isa = PBXBuildFile; fileRef = 0B3AA3BB1E1ED2D400577DEA /* SwiftMessages.framework */; };
		0B3AA3BE1E1ED2DE00577DEA /* SwiftMessages.framework in Embed Frameworks */ = {isa = PBXBuildFile; fileRef = 0B3AA3BB1E1ED2D400577DEA /* SwiftMessages.framework */; settings = {ATTRIBUTES = (CodeSignOnCopy, RemoveHeadersOnCopy, ); }; };
		0B3AA3C01E1EDBEA00577DEA /* TabBarController.swift in Sources */ = {isa = PBXBuildFile; fileRef = 0B3AA3BF1E1EDBEA00577DEA /* TabBarController.swift */; };
		0B3AA3C21E1EDC3200577DEA /* HistoryViewController.swift in Sources */ = {isa = PBXBuildFile; fileRef = 0B3AA3C11E1EDC3200577DEA /* HistoryViewController.swift */; };
		0B4021E21E0FFCDD00C7E4CB /* AppDelegate.swift in Sources */ = {isa = PBXBuildFile; fileRef = 0B4021E11E0FFCDD00C7E4CB /* AppDelegate.swift */; };
		0B4021E91E0FFCDD00C7E4CB /* Main.storyboard in Resources */ = {isa = PBXBuildFile; fileRef = 0B4021E71E0FFCDD00C7E4CB /* Main.storyboard */; };
		0B4021EB1E0FFCDD00C7E4CB /* Assets.xcassets in Resources */ = {isa = PBXBuildFile; fileRef = 0B4021EA1E0FFCDD00C7E4CB /* Assets.xcassets */; };
		0B4021EE1E0FFCDD00C7E4CB /* LaunchScreen.storyboard in Resources */ = {isa = PBXBuildFile; fileRef = 0B4021EC1E0FFCDD00C7E4CB /* LaunchScreen.storyboard */; };
		0B4021F91E0FFCDE00C7E4CB /* blueboneTests.swift in Sources */ = {isa = PBXBuildFile; fileRef = 0B4021F81E0FFCDE00C7E4CB /* blueboneTests.swift */; };
		0B4022041E0FFCDE00C7E4CB /* blueboneUITests.swift in Sources */ = {isa = PBXBuildFile; fileRef = 0B4022031E0FFCDE00C7E4CB /* blueboneUITests.swift */; };
		0B4022141E0FFE3F00C7E4CB /* logo.png in Resources */ = {isa = PBXBuildFile; fileRef = 0B4022111E0FFE3F00C7E4CB /* logo.png */; };
		0B4022151E0FFE3F00C7E4CB /* logo2x.png in Resources */ = {isa = PBXBuildFile; fileRef = 0B4022121E0FFE3F00C7E4CB /* logo2x.png */; };
		0B4022161E0FFE3F00C7E4CB /* logo3x.png in Resources */ = {isa = PBXBuildFile; fileRef = 0B4022131E0FFE3F00C7E4CB /* logo3x.png */; };
		0B40221D1E10053C00C7E4CB /* LoginViewController.swift in Sources */ = {isa = PBXBuildFile; fileRef = 0B40221C1E10053C00C7E4CB /* LoginViewController.swift */; };
/* End PBXBuildFile section */

/* Begin PBXContainerItemProxy section */
		0B4021F51E0FFCDE00C7E4CB /* PBXContainerItemProxy */ = {
			isa = PBXContainerItemProxy;
			containerPortal = 0B4021D61E0FFCDD00C7E4CB /* Project object */;
			proxyType = 1;
			remoteGlobalIDString = 0B4021DD1E0FFCDD00C7E4CB;
			remoteInfo = bluebone;
		};
		0B4022001E0FFCDE00C7E4CB /* PBXContainerItemProxy */ = {
			isa = PBXContainerItemProxy;
			containerPortal = 0B4021D61E0FFCDD00C7E4CB /* Project object */;
			proxyType = 1;
			remoteGlobalIDString = 0B4021DD1E0FFCDD00C7E4CB;
			remoteInfo = bluebone;
		};
/* End PBXContainerItemProxy section */

/* Begin PBXCopyFilesBuildPhase section */
		0B3AA3BA1E1EC83A00577DEA /* Embed Frameworks */ = {
			isa = PBXCopyFilesBuildPhase;
			buildActionMask = 2147483647;
			dstPath = "";
			dstSubfolderSpec = 10;
			files = (
				0B3AA3BE1E1ED2DE00577DEA /* SwiftMessages.framework in Embed Frameworks */,
				0B3AA3B91E1EC83A00577DEA /* NVActivityIndicatorView.framework in Embed Frameworks */,
			);
			name = "Embed Frameworks";
			runOnlyForDeploymentPostprocessing = 0;
		};
/* End PBXCopyFilesBuildPhase section */

/* Begin PBXFileReference section */
		0B3AA39D1E1EBCCB00577DEA /* Bolts.framework */ = {isa = PBXFileReference; lastKnownFileType = wrapper.framework; path = Bolts.framework; sourceTree = "<group>"; };
		0B3AA39E1E1EBCCB00577DEA /* Parse.framework */ = {isa = PBXFileReference; lastKnownFileType = wrapper.framework; path = Parse.framework; sourceTree = "<group>"; };
		0B3AA3A21E1EBD5B00577DEA /* AudioToolbox.framework */ = {isa = PBXFileReference; lastKnownFileType = wrapper.framework; name = AudioToolbox.framework; path = System/Library/Frameworks/AudioToolbox.framework; sourceTree = SDKROOT; };
		0B3AA3A31E1EBD5B00577DEA /* CFNetwork.framework */ = {isa = PBXFileReference; lastKnownFileType = wrapper.framework; name = CFNetwork.framework; path = System/Library/Frameworks/CFNetwork.framework; sourceTree = SDKROOT; };
		0B3AA3A41E1EBD5B00577DEA /* CoreGraphics.framework */ = {isa = PBXFileReference; lastKnownFileType = wrapper.framework; name = CoreGraphics.framework; path = System/Library/Frameworks/CoreGraphics.framework; sourceTree = SDKROOT; };
		0B3AA3A51E1EBD5B00577DEA /* CoreLocation.framework */ = {isa = PBXFileReference; lastKnownFileType = wrapper.framework; name = CoreLocation.framework; path = System/Library/Frameworks/CoreLocation.framework; sourceTree = SDKROOT; };
		0B3AA3A61E1EBD5B00577DEA /* QuartzCore.framework */ = {isa = PBXFileReference; lastKnownFileType = wrapper.framework; name = QuartzCore.framework; path = System/Library/Frameworks/QuartzCore.framework; sourceTree = SDKROOT; };
		0B3AA3A71E1EBD5B00577DEA /* Security.framework */ = {isa = PBXFileReference; lastKnownFileType = wrapper.framework; name = Security.framework; path = System/Library/Frameworks/Security.framework; sourceTree = SDKROOT; };
		0B3AA3A81E1EBD5B00577DEA /* StoreKit.framework */ = {isa = PBXFileReference; lastKnownFileType = wrapper.framework; name = StoreKit.framework; path = System/Library/Frameworks/StoreKit.framework; sourceTree = SDKROOT; };
		0B3AA3A91E1EBD5B00577DEA /* SystemConfiguration.framework */ = {isa = PBXFileReference; lastKnownFileType = wrapper.framework; name = SystemConfiguration.framework; path = System/Library/Frameworks/SystemConfiguration.framework; sourceTree = SDKROOT; };
		0B3AA3B21E1EBD6700577DEA /* libz.tbd */ = {isa = PBXFileReference; lastKnownFileType = "sourcecode.text-based-dylib-definition"; name = libz.tbd; path = usr/lib/libz.tbd; sourceTree = SDKROOT; };
		0B3AA3B41E1EBD7400577DEA /* libsqlite3.tbd */ = {isa = PBXFileReference; lastKnownFileType = "sourcecode.text-based-dylib-definition"; name = libsqlite3.tbd; path = usr/lib/libsqlite3.tbd; sourceTree = SDKROOT; };
		0B3AA3B61E1EC5C500577DEA /* NVActivityIndicatorView.framework */ = {isa = PBXFileReference; lastKnownFileType = wrapper.framework; name = NVActivityIndicatorView.framework; path = Carthage/Build/iOS/NVActivityIndicatorView.framework; sourceTree = "<group>"; };
		0B3AA3BB1E1ED2D400577DEA /* SwiftMessages.framework */ = {isa = PBXFileReference; lastKnownFileType = wrapper.framework; name = SwiftMessages.framework; path = Carthage/Build/iOS/SwiftMessages.framework; sourceTree = "<group>"; };
		0B3AA3BF1E1EDBEA00577DEA /* TabBarController.swift */ = {isa = PBXFileReference; fileEncoding = 4; lastKnownFileType = sourcecode.swift; path = TabBarController.swift; sourceTree = "<group>"; };
		0B3AA3C11E1EDC3200577DEA /* HistoryViewController.swift */ = {isa = PBXFileReference; fileEncoding = 4; lastKnownFileType = sourcecode.swift; path = HistoryViewController.swift; sourceTree = "<group>"; };
		0B4021DE1E0FFCDD00C7E4CB /* bluebone.app */ = {isa = PBXFileReference; explicitFileType = wrapper.application; includeInIndex = 0; path = bluebone.app; sourceTree = BUILT_PRODUCTS_DIR; };
		0B4021E11E0FFCDD00C7E4CB /* AppDelegate.swift */ = {isa = PBXFileReference; lastKnownFileType = sourcecode.swift; path = AppDelegate.swift; sourceTree = "<group>"; };
		0B4021E81E0FFCDD00C7E4CB /* Base */ = {isa = PBXFileReference; lastKnownFileType = file.storyboard; name = Base; path = Base.lproj/Main.storyboard; sourceTree = "<group>"; };
		0B4021EA1E0FFCDD00C7E4CB /* Assets.xcassets */ = {isa = PBXFileReference; lastKnownFileType = folder.assetcatalog; path = Assets.xcassets; sourceTree = "<group>"; };
		0B4021ED1E0FFCDD00C7E4CB /* Base */ = {isa = PBXFileReference; lastKnownFileType = file.storyboard; name = Base; path = Base.lproj/LaunchScreen.storyboard; sourceTree = "<group>"; };
		0B4021EF1E0FFCDD00C7E4CB /* Info.plist */ = {isa = PBXFileReference; lastKnownFileType = text.plist.xml; path = Info.plist; sourceTree = "<group>"; };
		0B4021F41E0FFCDE00C7E4CB /* blueboneTests.xctest */ = {isa = PBXFileReference; explicitFileType = wrapper.cfbundle; includeInIndex = 0; path = blueboneTests.xctest; sourceTree = BUILT_PRODUCTS_DIR; };
		0B4021F81E0FFCDE00C7E4CB /* blueboneTests.swift */ = {isa = PBXFileReference; lastKnownFileType = sourcecode.swift; path = blueboneTests.swift; sourceTree = "<group>"; };
		0B4021FA1E0FFCDE00C7E4CB /* Info.plist */ = {isa = PBXFileReference; lastKnownFileType = text.plist.xml; path = Info.plist; sourceTree = "<group>"; };
		0B4021FF1E0FFCDE00C7E4CB /* blueboneUITests.xctest */ = {isa = PBXFileReference; explicitFileType = wrapper.cfbundle; includeInIndex = 0; path = blueboneUITests.xctest; sourceTree = BUILT_PRODUCTS_DIR; };
		0B4022031E0FFCDE00C7E4CB /* blueboneUITests.swift */ = {isa = PBXFileReference; lastKnownFileType = sourcecode.swift; path = blueboneUITests.swift; sourceTree = "<group>"; };
		0B4022051E0FFCDE00C7E4CB /* Info.plist */ = {isa = PBXFileReference; lastKnownFileType = text.plist.xml; path = Info.plist; sourceTree = "<group>"; };
		0B4022111E0FFE3F00C7E4CB /* logo.png */ = {isa = PBXFileReference; lastKnownFileType = image.png; name = logo.png; path = ../../../assets/logo.png; sourceTree = "<group>"; };
		0B4022121E0FFE3F00C7E4CB /* logo2x.png */ = {isa = PBXFileReference; lastKnownFileType = image.png; name = logo2x.png; path = ../../../assets/logo2x.png; sourceTree = "<group>"; };
		0B4022131E0FFE3F00C7E4CB /* logo3x.png */ = {isa = PBXFileReference; lastKnownFileType = image.png; name = logo3x.png; path = ../../../assets/logo3x.png; sourceTree = "<group>"; };
		0B40221C1E10053C00C7E4CB /* LoginViewController.swift */ = {isa = PBXFileReference; fileEncoding = 4; lastKnownFileType = sourcecode.swift; path = LoginViewController.swift; sourceTree = "<group>"; };
/* End PBXFileReference section */

/* Begin PBXFrameworksBuildPhase section */
		0B4021DB1E0FFCDD00C7E4CB /* Frameworks */ = {
			isa = PBXFrameworksBuildPhase;
			buildActionMask = 2147483647;
			files = (
				0B3AA3B51E1EBD7400577DEA /* libsqlite3.tbd in Frameworks */,
				0B3AA3B31E1EBD6700577DEA /* libz.tbd in Frameworks */,
				0B3AA3AA1E1EBD5B00577DEA /* AudioToolbox.framework in Frameworks */,
				0B3AA3AB1E1EBD5B00577DEA /* CFNetwork.framework in Frameworks */,
				0B3AA3B71E1EC5C500577DEA /* NVActivityIndicatorView.framework in Frameworks */,
				0B3AA3AC1E1EBD5B00577DEA /* CoreGraphics.framework in Frameworks */,
				0B3AA3AD1E1EBD5B00577DEA /* CoreLocation.framework in Frameworks */,
				0B3AA3AE1E1EBD5B00577DEA /* QuartzCore.framework in Frameworks */,
				0B3AA3BD1E1ED2DE00577DEA /* SwiftMessages.framework in Frameworks */,
				0B3AA3B81E1EC83A00577DEA /* NVActivityIndicatorView.framework in Frameworks */,
				0B3AA3AF1E1EBD5B00577DEA /* Security.framework in Frameworks */,
				0B3AA3B01E1EBD5B00577DEA /* StoreKit.framework in Frameworks */,
				0B3AA3BC1E1ED2D400577DEA /* SwiftMessages.framework in Frameworks */,
				0B3AA3B11E1EBD5B00577DEA /* SystemConfiguration.framework in Frameworks */,
				0B3AA3A01E1EBCCB00577DEA /* Parse.framework in Frameworks */,
				0B3AA39F1E1EBCCB00577DEA /* Bolts.framework in Frameworks */,
			);
			runOnlyForDeploymentPostprocessing = 0;
		};
		0B4021F11E0FFCDE00C7E4CB /* Frameworks */ = {
			isa = PBXFrameworksBuildPhase;
			buildActionMask = 2147483647;
			files = (
			);
			runOnlyForDeploymentPostprocessing = 0;
		};
		0B4021FC1E0FFCDE00C7E4CB /* Frameworks */ = {
			isa = PBXFrameworksBuildPhase;
			buildActionMask = 2147483647;
			files = (
			);
			runOnlyForDeploymentPostprocessing = 0;
		};
/* End PBXFrameworksBuildPhase section */

/* Begin PBXGroup section */
		0B3AA3A11E1EBD5B00577DEA /* Frameworks */ = {
			isa = PBXGroup;
			children = (
				0B3AA3BB1E1ED2D400577DEA /* SwiftMessages.framework */,
				0B3AA39D1E1EBCCB00577DEA /* Bolts.framework */,
				0B3AA39E1E1EBCCB00577DEA /* Parse.framework */,
				0B3AA3B61E1EC5C500577DEA /* NVActivityIndicatorView.framework */,
				0B3AA3B41E1EBD7400577DEA /* libsqlite3.tbd */,
				0B3AA3B21E1EBD6700577DEA /* libz.tbd */,
				0B3AA3A21E1EBD5B00577DEA /* AudioToolbox.framework */,
				0B3AA3A31E1EBD5B00577DEA /* CFNetwork.framework */,
				0B3AA3A41E1EBD5B00577DEA /* CoreGraphics.framework */,
				0B3AA3A51E1EBD5B00577DEA /* CoreLocation.framework */,
				0B3AA3A61E1EBD5B00577DEA /* QuartzCore.framework */,
				0B3AA3A71E1EBD5B00577DEA /* Security.framework */,
				0B3AA3A81E1EBD5B00577DEA /* StoreKit.framework */,
				0B3AA3A91E1EBD5B00577DEA /* SystemConfiguration.framework */,
			);
			name = Frameworks;
			sourceTree = "<group>";
		};
		0B4021D51E0FFCDD00C7E4CB = {
			isa = PBXGroup;
			children = (
				0B4021E01E0FFCDD00C7E4CB /* bluebone */,
				0B4021F71E0FFCDE00C7E4CB /* blueboneTests */,
				0B4022021E0FFCDE00C7E4CB /* blueboneUITests */,
				0B4021DF1E0FFCDD00C7E4CB /* Products */,
				0B3AA3A11E1EBD5B00577DEA /* Frameworks */,
			);
			sourceTree = "<group>";
		};
		0B4021DF1E0FFCDD00C7E4CB /* Products */ = {
			isa = PBXGroup;
			children = (
				0B4021DE1E0FFCDD00C7E4CB /* bluebone.app */,
				0B4021F41E0FFCDE00C7E4CB /* blueboneTests.xctest */,
				0B4021FF1E0FFCDE00C7E4CB /* blueboneUITests.xctest */,
			);
			name = Products;
			sourceTree = "<group>";
		};
		0B4021E01E0FFCDD00C7E4CB /* bluebone */ = {
			isa = PBXGroup;
			children = (
				0B40221E1E10054100C7E4CB /* controllers */,
				0B4022181E0FFF0600C7E4CB /* assets */,
				0B4021E11E0FFCDD00C7E4CB /* AppDelegate.swift */,
				0B4021E71E0FFCDD00C7E4CB /* Main.storyboard */,
				0B4021EA1E0FFCDD00C7E4CB /* Assets.xcassets */,
				0B4021EC1E0FFCDD00C7E4CB /* LaunchScreen.storyboard */,
				0B4021EF1E0FFCDD00C7E4CB /* Info.plist */,
			);
			path = bluebone;
			sourceTree = "<group>";
		};
		0B4021F71E0FFCDE00C7E4CB /* blueboneTests */ = {
			isa = PBXGroup;
			children = (
				0B4021F81E0FFCDE00C7E4CB /* blueboneTests.swift */,
				0B4021FA1E0FFCDE00C7E4CB /* Info.plist */,
			);
			path = blueboneTests;
			sourceTree = "<group>";
		};
		0B4022021E0FFCDE00C7E4CB /* blueboneUITests */ = {
			isa = PBXGroup;
			children = (
				0B4022031E0FFCDE00C7E4CB /* blueboneUITests.swift */,
				0B4022051E0FFCDE00C7E4CB /* Info.plist */,
			);
			path = blueboneUITests;
			sourceTree = "<group>";
		};
		0B4022181E0FFF0600C7E4CB /* assets */ = {
			isa = PBXGroup;
			children = (
				0B4022191E0FFF0F00C7E4CB /* logo */,
			);
			name = assets;
			sourceTree = "<group>";
		};
		0B4022191E0FFF0F00C7E4CB /* logo */ = {
			isa = PBXGroup;
			children = (
				0B4022111E0FFE3F00C7E4CB /* logo.png */,
				0B4022121E0FFE3F00C7E4CB /* logo2x.png */,
				0B4022131E0FFE3F00C7E4CB /* logo3x.png */,
			);
			name = logo;
			sourceTree = "<group>";
		};
		0B40221E1E10054100C7E4CB /* controllers */ = {
			isa = PBXGroup;
			children = (
				0B40221C1E10053C00C7E4CB /* LoginViewController.swift */,
				0B3AA3BF1E1EDBEA00577DEA /* TabBarController.swift */,
				0B3AA3C11E1EDC3200577DEA /* HistoryViewController.swift */,
			);
			name = controllers;
			sourceTree = "<group>";
		};
/* End PBXGroup section */

/* Begin PBXNativeTarget section */
		0B4021DD1E0FFCDD00C7E4CB /* bluebone */ = {
			isa = PBXNativeTarget;
			buildConfigurationList = 0B4022081E0FFCDE00C7E4CB /* Build configuration list for PBXNativeTarget "bluebone" */;
			buildPhases = (
				0B4021DA1E0FFCDD00C7E4CB /* Sources */,
				0B4021DB1E0FFCDD00C7E4CB /* Frameworks */,
				0B4021DC1E0FFCDD00C7E4CB /* Resources */,
				0B3AA3BA1E1EC83A00577DEA /* Embed Frameworks */,
			);
			buildRules = (
			);
			dependencies = (
			);
			name = bluebone;
			productName = bluebone;
			productReference = 0B4021DE1E0FFCDD00C7E4CB /* bluebone.app */;
			productType = "com.apple.product-type.application";
		};
		0B4021F31E0FFCDE00C7E4CB /* blueboneTests */ = {
			isa = PBXNativeTarget;
			buildConfigurationList = 0B40220B1E0FFCDE00C7E4CB /* Build configuration list for PBXNativeTarget "blueboneTests" */;
			buildPhases = (
				0B4021F01E0FFCDE00C7E4CB /* Sources */,
				0B4021F11E0FFCDE00C7E4CB /* Frameworks */,
				0B4021F21E0FFCDE00C7E4CB /* Resources */,
			);
			buildRules = (
			);
			dependencies = (
				0B4021F61E0FFCDE00C7E4CB /* PBXTargetDependency */,
			);
			name = blueboneTests;
			productName = blueboneTests;
			productReference = 0B4021F41E0FFCDE00C7E4CB /* blueboneTests.xctest */;
			productType = "com.apple.product-type.bundle.unit-test";
		};
		0B4021FE1E0FFCDE00C7E4CB /* blueboneUITests */ = {
			isa = PBXNativeTarget;
			buildConfigurationList = 0B40220E1E0FFCDE00C7E4CB /* Build configuration list for PBXNativeTarget "blueboneUITests" */;
			buildPhases = (
				0B4021FB1E0FFCDE00C7E4CB /* Sources */,
				0B4021FC1E0FFCDE00C7E4CB /* Frameworks */,
				0B4021FD1E0FFCDE00C7E4CB /* Resources */,
			);
			buildRules = (
			);
			dependencies = (
				0B4022011E0FFCDE00C7E4CB /* PBXTargetDependency */,
			);
			name = blueboneUITests;
			productName = blueboneUITests;
			productReference = 0B4021FF1E0FFCDE00C7E4CB /* blueboneUITests.xctest */;
			productType = "com.apple.product-type.bundle.ui-testing";
		};
/* End PBXNativeTarget section */

/* Begin PBXProject section */
		0B4021D61E0FFCDD00C7E4CB /* Project object */ = {
			isa = PBXProject;
			attributes = {
				LastSwiftUpdateCheck = 0730;
				LastUpgradeCheck = 0820;
				ORGANIZATIONNAME = "Aditya Srinivasan";
				TargetAttributes = {
					0B4021DD1E0FFCDD00C7E4CB = {
						CreatedOnToolsVersion = 7.3.1;
						LastSwiftMigration = 0820;
					};
					0B4021F31E0FFCDE00C7E4CB = {
						CreatedOnToolsVersion = 7.3.1;
						LastSwiftMigration = 0820;
						TestTargetID = 0B4021DD1E0FFCDD00C7E4CB;
					};
					0B4021FE1E0FFCDE00C7E4CB = {
						CreatedOnToolsVersion = 7.3.1;
						LastSwiftMigration = 0820;
						TestTargetID = 0B4021DD1E0FFCDD00C7E4CB;
					};
				};
			};
			buildConfigurationList = 0B4021D91E0FFCDD00C7E4CB /* Build configuration list for PBXProject "bluebone" */;
			compatibilityVersion = "Xcode 3.2";
			developmentRegion = English;
			hasScannedForEncodings = 0;
			knownRegions = (
				en,
				Base,
			);
			mainGroup = 0B4021D51E0FFCDD00C7E4CB;
			productRefGroup = 0B4021DF1E0FFCDD00C7E4CB /* Products */;
			projectDirPath = "";
			projectRoot = "";
			targets = (
				0B4021DD1E0FFCDD00C7E4CB /* bluebone */,
				0B4021F31E0FFCDE00C7E4CB /* blueboneTests */,
				0B4021FE1E0FFCDE00C7E4CB /* blueboneUITests */,
			);
		};
/* End PBXProject section */

/* Begin PBXResourcesBuildPhase section */
		0B4021DC1E0FFCDD00C7E4CB /* Resources */ = {
			isa = PBXResourcesBuildPhase;
			buildActionMask = 2147483647;
			files = (
				0B4022151E0FFE3F00C7E4CB /* logo2x.png in Resources */,
				0B4022141E0FFE3F00C7E4CB /* logo.png in Resources */,
				0B4021EE1E0FFCDD00C7E4CB /* LaunchScreen.storyboard in Resources */,
				0B4021EB1E0FFCDD00C7E4CB /* Assets.xcassets in Resources */,
				0B4022161E0FFE3F00C7E4CB /* logo3x.png in Resources */,
				0B4021E91E0FFCDD00C7E4CB /* Main.storyboard in Resources */,
			);
			runOnlyForDeploymentPostprocessing = 0;
		};
		0B4021F21E0FFCDE00C7E4CB /* Resources */ = {
			isa = PBXResourcesBuildPhase;
			buildActionMask = 2147483647;
			files = (
			);
			runOnlyForDeploymentPostprocessing = 0;
		};
		0B4021FD1E0FFCDE00C7E4CB /* Resources */ = {
			isa = PBXResourcesBuildPhase;
			buildActionMask = 2147483647;
			files = (
			);
			runOnlyForDeploymentPostprocessing = 0;
		};
/* End PBXResourcesBuildPhase section */

/* Begin PBXSourcesBuildPhase section */
		0B4021DA1E0FFCDD00C7E4CB /* Sources */ = {
			isa = PBXSourcesBuildPhase;
			buildActionMask = 2147483647;
			files = (
				0B3AA3C01E1EDBEA00577DEA /* TabBarController.swift in Sources */,
				0B40221D1E10053C00C7E4CB /* LoginViewController.swift in Sources */,
				0B4021E21E0FFCDD00C7E4CB /* AppDelegate.swift in Sources */,
				0B3AA3C21E1EDC3200577DEA /* HistoryViewController.swift in Sources */,
			);
			runOnlyForDeploymentPostprocessing = 0;
		};
		0B4021F01E0FFCDE00C7E4CB /* Sources */ = {
			isa = PBXSourcesBuildPhase;
			buildActionMask = 2147483647;
			files = (
				0B4021F91E0FFCDE00C7E4CB /* blueboneTests.swift in Sources */,
			);
			runOnlyForDeploymentPostprocessing = 0;
		};
		0B4021FB1E0FFCDE00C7E4CB /* Sources */ = {
			isa = PBXSourcesBuildPhase;
			buildActionMask = 2147483647;
			files = (
				0B4022041E0FFCDE00C7E4CB /* blueboneUITests.swift in Sources */,
			);
			runOnlyForDeploymentPostprocessing = 0;
		};
/* End PBXSourcesBuildPhase section */

/* Begin PBXTargetDependency section */
		0B4021F61E0FFCDE00C7E4CB /* PBXTargetDependency */ = {
			isa = PBXTargetDependency;
			target = 0B4021DD1E0FFCDD00C7E4CB /* bluebone */;
			targetProxy = 0B4021F51E0FFCDE00C7E4CB /* PBXContainerItemProxy */;
		};
		0B4022011E0FFCDE00C7E4CB /* PBXTargetDependency */ = {
			isa = PBXTargetDependency;
			target = 0B4021DD1E0FFCDD00C7E4CB /* bluebone */;
			targetProxy = 0B4022001E0FFCDE00C7E4CB /* PBXContainerItemProxy */;
		};
/* End PBXTargetDependency section */

/* Begin PBXVariantGroup section */
		0B4021E71E0FFCDD00C7E4CB /* Main.storyboard */ = {
			isa = PBXVariantGroup;
			children = (
				0B4021E81E0FFCDD00C7E4CB /* Base */,
			);
			name = Main.storyboard;
			sourceTree = "<group>";
		};
		0B4021EC1E0FFCDD00C7E4CB /* LaunchScreen.storyboard */ = {
			isa = PBXVariantGroup;
			children = (
				0B4021ED1E0FFCDD00C7E4CB /* Base */,
			);
			name = LaunchScreen.storyboard;
			sourceTree = "<group>";
		};
/* End PBXVariantGroup section */

/* Begin XCBuildConfiguration section */
		0B4022061E0FFCDE00C7E4CB /* Debug */ = {
			isa = XCBuildConfiguration;
			buildSettings = {
				ALWAYS_SEARCH_USER_PATHS = NO;
				CLANG_ANALYZER_NONNULL = YES;
				CLANG_CXX_LANGUAGE_STANDARD = "gnu++0x";
				CLANG_CXX_LIBRARY = "libc++";
				CLANG_ENABLE_MODULES = YES;
				CLANG_ENABLE_OBJC_ARC = YES;
				CLANG_WARN_BOOL_CONVERSION = YES;
				CLANG_WARN_CONSTANT_CONVERSION = YES;
				CLANG_WARN_DIRECT_OBJC_ISA_USAGE = YES_ERROR;
				CLANG_WARN_EMPTY_BODY = YES;
				CLANG_WARN_ENUM_CONVERSION = YES;
				CLANG_WARN_INFINITE_RECURSION = YES;
				CLANG_WARN_INT_CONVERSION = YES;
				CLANG_WARN_OBJC_ROOT_CLASS = YES_ERROR;
				CLANG_WARN_SUSPICIOUS_MOVE = YES;
				CLANG_WARN_UNREACHABLE_CODE = YES;
				CLANG_WARN__DUPLICATE_METHOD_MATCH = YES;
				"CODE_SIGN_IDENTITY[sdk=iphoneos*]" = "iPhone Developer";
				COPY_PHASE_STRIP = NO;
				DEBUG_INFORMATION_FORMAT = dwarf;
				ENABLE_STRICT_OBJC_MSGSEND = YES;
				ENABLE_TESTABILITY = YES;
				GCC_C_LANGUAGE_STANDARD = gnu99;
				GCC_DYNAMIC_NO_PIC = NO;
				GCC_NO_COMMON_BLOCKS = YES;
				GCC_OPTIMIZATION_LEVEL = 0;
				GCC_PREPROCESSOR_DEFINITIONS = (
					"DEBUG=1",
					"$(inherited)",
				);
				GCC_WARN_64_TO_32_BIT_CONVERSION = YES;
				GCC_WARN_ABOUT_RETURN_TYPE = YES_ERROR;
				GCC_WARN_UNDECLARED_SELECTOR = YES;
				GCC_WARN_UNINITIALIZED_AUTOS = YES_AGGRESSIVE;
				GCC_WARN_UNUSED_FUNCTION = YES;
				GCC_WARN_UNUSED_VARIABLE = YES;
				IPHONEOS_DEPLOYMENT_TARGET = 9.3;
				MTL_ENABLE_DEBUG_INFO = YES;
				ONLY_ACTIVE_ARCH = YES;
				SDKROOT = iphoneos;
				SWIFT_OPTIMIZATION_LEVEL = "-Onone";
			};
			name = Debug;
		};
		0B4022071E0FFCDE00C7E4CB /* Release */ = {
			isa = XCBuildConfiguration;
			buildSettings = {
				ALWAYS_SEARCH_USER_PATHS = NO;
				CLANG_ANALYZER_NONNULL = YES;
				CLANG_CXX_LANGUAGE_STANDARD = "gnu++0x";
				CLANG_CXX_LIBRARY = "libc++";
				CLANG_ENABLE_MODULES = YES;
				CLANG_ENABLE_OBJC_ARC = YES;
				CLANG_WARN_BOOL_CONVERSION = YES;
				CLANG_WARN_CONSTANT_CONVERSION = YES;
				CLANG_WARN_DIRECT_OBJC_ISA_USAGE = YES_ERROR;
				CLANG_WARN_EMPTY_BODY = YES;
				CLANG_WARN_ENUM_CONVERSION = YES;
				CLANG_WARN_INFINITE_RECURSION = YES;
				CLANG_WARN_INT_CONVERSION = YES;
				CLANG_WARN_OBJC_ROOT_CLASS = YES_ERROR;
				CLANG_WARN_SUSPICIOUS_MOVE = YES;
				CLANG_WARN_UNREACHABLE_CODE = YES;
				CLANG_WARN__DUPLICATE_METHOD_MATCH = YES;
				"CODE_SIGN_IDENTITY[sdk=iphoneos*]" = "iPhone Developer";
				COPY_PHASE_STRIP = NO;
				DEBUG_INFORMATION_FORMAT = "dwarf-with-dsym";
				ENABLE_NS_ASSERTIONS = NO;
				ENABLE_STRICT_OBJC_MSGSEND = YES;
				GCC_C_LANGUAGE_STANDARD = gnu99;
				GCC_NO_COMMON_BLOCKS = YES;
				GCC_WARN_64_TO_32_BIT_CONVERSION = YES;
				GCC_WARN_ABOUT_RETURN_TYPE = YES_ERROR;
				GCC_WARN_UNDECLARED_SELECTOR = YES;
				GCC_WARN_UNINITIALIZED_AUTOS = YES_AGGRESSIVE;
				GCC_WARN_UNUSED_FUNCTION = YES;
				GCC_WARN_UNUSED_VARIABLE = YES;
				IPHONEOS_DEPLOYMENT_TARGET = 9.3;
				MTL_ENABLE_DEBUG_INFO = NO;
				SDKROOT = iphoneos;
				SWIFT_OPTIMIZATION_LEVEL = "-Owholemodule";
				VALIDATE_PRODUCT = YES;
			};
			name = Release;
		};
		0B4022091E0FFCDE00C7E4CB /* Debug */ = {
			isa = XCBuildConfiguration;
			buildSettings = {
				ASSETCATALOG_COMPILER_APPICON_NAME = AppIcon;
				FRAMEWORK_SEARCH_PATHS = (
					"$(inherited)",
					"$(PROJECT_DIR)",
					"$(PROJECT_DIR)/Carthage/Build/iOS",
				);
				INFOPLIST_FILE = bluebone/Info.plist;
				LD_RUNPATH_SEARCH_PATHS = "$(inherited) @executable_path/Frameworks";
				PRODUCT_BUNDLE_IDENTIFIER = com.adityasrinivasan.bluebone;
				PRODUCT_NAME = "$(TARGET_NAME)";
				SWIFT_VERSION = 3.0;
			};
			name = Debug;
		};
		0B40220A1E0FFCDE00C7E4CB /* Release */ = {
			isa = XCBuildConfiguration;
			buildSettings = {
				ASSETCATALOG_COMPILER_APPICON_NAME = AppIcon;
				FRAMEWORK_SEARCH_PATHS = (
					"$(inherited)",
					"$(PROJECT_DIR)",
					"$(PROJECT_DIR)/Carthage/Build/iOS",
				);
				INFOPLIST_FILE = bluebone/Info.plist;
				LD_RUNPATH_SEARCH_PATHS = "$(inherited) @executable_path/Frameworks";
				PRODUCT_BUNDLE_IDENTIFIER = com.adityasrinivasan.bluebone;
				PRODUCT_NAME = "$(TARGET_NAME)";
				SWIFT_VERSION = 3.0;
			};
			name = Release;
		};
		0B40220C1E0FFCDE00C7E4CB /* Debug */ = {
			isa = XCBuildConfiguration;
			buildSettings = {
				BUNDLE_LOADER = "$(TEST_HOST)";
				INFOPLIST_FILE = blueboneTests/Info.plist;
				LD_RUNPATH_SEARCH_PATHS = "$(inherited) @executable_path/Frameworks @loader_path/Frameworks";
				PRODUCT_BUNDLE_IDENTIFIER = com.adityasrinivasan.blueboneTests;
				PRODUCT_NAME = "$(TARGET_NAME)";
				SWIFT_VERSION = 3.0;
				TEST_HOST = "$(BUILT_PRODUCTS_DIR)/bluebone.app/bluebone";
			};
			name = Debug;
		};
		0B40220D1E0FFCDE00C7E4CB /* Release */ = {
			isa = XCBuildConfiguration;
			buildSettings = {
				BUNDLE_LOADER = "$(TEST_HOST)";
				INFOPLIST_FILE = blueboneTests/Info.plist;
				LD_RUNPATH_SEARCH_PATHS = "$(inherited) @executable_path/Frameworks @loader_path/Frameworks";
				PRODUCT_BUNDLE_IDENTIFIER = com.adityasrinivasan.blueboneTests;
				PRODUCT_NAME = "$(TARGET_NAME)";
				SWIFT_VERSION = 3.0;
				TEST_HOST = "$(BUILT_PRODUCTS_DIR)/bluebone.app/bluebone";
			};
			name = Release;
		};
		0B40220F1E0FFCDE00C7E4CB /* Debug */ = {
			isa = XCBuildConfiguration;
			buildSettings = {
				INFOPLIST_FILE = blueboneUITests/Info.plist;
				LD_RUNPATH_SEARCH_PATHS = "$(inherited) @executable_path/Frameworks @loader_path/Frameworks";
				PRODUCT_BUNDLE_IDENTIFIER = com.adityasrinivasan.blueboneUITests;
				PRODUCT_NAME = "$(TARGET_NAME)";
				SWIFT_VERSION = 3.0;
				TEST_TARGET_NAME = bluebone;
			};
			name = Debug;
		};
		0B4022101E0FFCDE00C7E4CB /* Release */ = {
			isa = XCBuildConfiguration;
			buildSettings = {
				INFOPLIST_FILE = blueboneUITests/Info.plist;
				LD_RUNPATH_SEARCH_PATHS = "$(inherited) @executable_path/Frameworks @loader_path/Frameworks";
				PRODUCT_BUNDLE_IDENTIFIER = com.adityasrinivasan.blueboneUITests;
				PRODUCT_NAME = "$(TARGET_NAME)";
				SWIFT_VERSION = 3.0;
				TEST_TARGET_NAME = bluebone;
			};
			name = Release;
		};
/* End XCBuildConfiguration section */

/* Begin XCConfigurationList section */
		0B4021D91E0FFCDD00C7E4CB /* Build configuration list for PBXProject "bluebone" */ = {
			isa = XCConfigurationList;
			buildConfigurations = (
				0B4022061E0FFCDE00C7E4CB /* Debug */,
				0B4022071E0FFCDE00C7E4CB /* Release */,
			);
			defaultConfigurationIsVisible = 0;
			defaultConfigurationName = Release;
		};
		0B4022081E0FFCDE00C7E4CB /* Build configuration list for PBXNativeTarget "bluebone" */ = {
			isa = XCConfigurationList;
			buildConfigurations = (
				0B4022091E0FFCDE00C7E4CB /* Debug */,
				0B40220A1E0FFCDE00C7E4CB /* Release */,
			);
			defaultConfigurationIsVisible = 0;
			defaultConfigurationName = Release;
		};
		0B40220B1E0FFCDE00C7E4CB /* Build configuration list for PBXNativeTarget "blueboneTests" */ = {
			isa = XCConfigurationList;
			buildConfigurations = (
				0B40220C1E0FFCDE00C7E4CB /* Debug */,
				0B40220D1E0FFCDE00C7E4CB /* Release */,
			);
			defaultConfigurationIsVisible = 0;
			defaultConfigurationName = Release;
		};
		0B40220E1E0FFCDE00C7E4CB /* Build configuration list for PBXNativeTarget "blueboneUITests" */ = {
			isa = XCConfigurationList;
			buildConfigurations = (
				0B40220F1E0FFCDE00C7E4CB /* Debug */,
				0B4022101E0FFCDE00C7E4CB /* Release */,
			);
			defaultConfigurationIsVisible = 0;
			defaultConfigurationName = Release;
		};
/* End XCConfigurationList section */
	};
	rootObject = 0B4021D61E0FFCDD00C7E4CB /* Project object */;
}
